
Microsoft Visual Studio Solution File, Format Version 12.00
# Visual Studio Version 16
VisualStudioVersion = 16.0.31424.327
MinimumVisualStudioVersion = 10.0.40219.1
Project("{FAE04EC0-301F-11D3-BF4B-00C04F79EFBC}") = "Week1Day4", "Week1Day4\Week1Day4.csproj", "{7C78F834-4FD8-44BD-B27C-460FA30363D2}"
EndProject
Project("{FAE04EC0-301F-11D3-BF4B-00C04F79EFBC}") = "Week1Day4.Esercizio1", "Week1Day4.Esercizio1\Week1Day4.Esercizio1.csproj", "{8870F7EA-AEFB-44AB-ADFC-B1854ACEA66F}"
EndProject
Global
	GlobalSection(SolutionConfigurationPlatforms) = preSolution
		Debug|Any CPU = Debug|Any CPU
		Release|Any CPU = Release|Any CPU
	EndGlobalSection
	GlobalSection(ProjectConfigurationPlatforms) = postSolution
		{7C78F834-4FD8-44BD-B27C-460FA30363D2}.Debug|Any CPU.ActiveCfg = Debug|Any CPU
		{7C78F834-4FD8-44BD-B27C-460FA30363D2}.Debug|Any CPU.Build.0 = Debug|Any CPU
		{7C78F834-4FD8-44BD-B27C-460FA30363D2}.Release|Any CPU.ActiveCfg = Release|Any CPU
		{7C78F834-4FD8-44BD-B27C-460FA30363D2}.Release|Any CPU.Build.0 = Release|Any CPU
		{8870F7EA-AEFB-44AB-ADFC-B1854ACEA66F}.Debug|Any CPU.ActiveCfg = Debug|Any CPU
		{8870F7EA-AEFB-44AB-ADFC-B1854ACEA66F}.Debug|Any CPU.Build.0 = Debug|Any CPU
		{8870F7EA-AEFB-44AB-ADFC-B1854ACEA66F}.Release|Any CPU.ActiveCfg = Release|Any CPU
		{8870F7EA-AEFB-44AB-ADFC-B1854ACEA66F}.Release|Any CPU.Build.0 = Release|Any CPU
	EndGlobalSection
	GlobalSection(SolutionProperties) = preSolution
		HideSolutionNode = FALSE
	EndGlobalSection
	GlobalSection(ExtensibilityGlobals) = postSolution
		SolutionGuid = {5B0403DE-A012-4E1D-9C60-460B2C89BD4D}
	EndGlobalSection
EndGlobal
